
Microsoft Visual Studio Solution File, Format Version 12.00
# Visual Studio Version 17
VisualStudioVersion = 17.9.34728.123
MinimumVisualStudioVersion = 10.0.40219.1
Project("{FAE04EC0-301F-11D3-BF4B-00C04F79EFBC}") = "exam_RamazanovaDiana_4312_var16", "exam_RamazanovaDiana_4312_var16\exam_RamazanovaDiana_4312_var16.csproj", "{9F296868-2075-4D43-B750-1D4926F703A5}"
EndProject
Global
	GlobalSection(SolutionConfigurationPlatforms) = preSolution
		Debug|Any CPU = Debug|Any CPU
		Release|Any CPU = Release|Any CPU
	EndGlobalSection
	GlobalSection(ProjectConfigurationPlatforms) = postSolution
		{9F296868-2075-4D43-B750-1D4926F703A5}.Debug|Any CPU.ActiveCfg = Debug|Any CPU
		{9F296868-2075-4D43-B750-1D4926F703A5}.Debug|Any CPU.Build.0 = Debug|Any CPU
		{9F296868-2075-4D43-B750-1D4926F703A5}.Release|Any CPU.ActiveCfg = Release|Any CPU
		{9F296868-2075-4D43-B750-1D4926F703A5}.Release|Any CPU.Build.0 = Release|Any CPU
	EndGlobalSection
	GlobalSection(SolutionProperties) = preSolution
		HideSolutionNode = FALSE
	EndGlobalSection
	GlobalSection(ExtensibilityGlobals) = postSolution
		SolutionGuid = {41C3CE55-C38D-4729-BF16-1D524D93E816}
	EndGlobalSection
EndGlobal
